
Microsoft Visual Studio Solution File, Format Version 12.00
# Visual Studio 15
VisualStudioVersion = 15.0.28307.1340
MinimumVisualStudioVersion = 10.0.40219.1
Project("{9A19103F-16F7-4668-BE54-9A1E7A4F7556}") = "Subtitle Encoder", "Subtitle Encoder\Subtitle Encoder.csproj", "{3EF2C67B-A791-4911-87F0-5970B1C208F3}"
EndProject
Project("{FAE04EC0-301F-11D3-BF4B-00C04F79EFBC}") = "Encoder", "Encoder\Encoder.csproj", "{3A9A7CAA-CC2C-48C7-826C-5E7EA351C2E4}"
EndProject
Project("{FAE04EC0-301F-11D3-BF4B-00C04F79EFBC}") = "Storage", "Storage\Storage.csproj", "{0CBBA974-D1F6-4AA3-8433-190C03C0AFE8}"
EndProject
Global
	GlobalSection(SolutionConfigurationPlatforms) = preSolution
		Debug|Any CPU = Debug|Any CPU
		Release|Any CPU = Release|Any CPU
	EndGlobalSection
	GlobalSection(ProjectConfigurationPlatforms) = postSolution
		{3EF2C67B-A791-4911-87F0-5970B1C208F3}.Debug|Any CPU.ActiveCfg = Debug|Any CPU
		{3EF2C67B-A791-4911-87F0-5970B1C208F3}.Debug|Any CPU.Build.0 = Debug|Any CPU
		{3EF2C67B-A791-4911-87F0-5970B1C208F3}.Release|Any CPU.ActiveCfg = Release|Any CPU
		{3EF2C67B-A791-4911-87F0-5970B1C208F3}.Release|Any CPU.Build.0 = Release|Any CPU
		{3A9A7CAA-CC2C-48C7-826C-5E7EA351C2E4}.Debug|Any CPU.ActiveCfg = Debug|Any CPU
		{3A9A7CAA-CC2C-48C7-826C-5E7EA351C2E4}.Debug|Any CPU.Build.0 = Debug|Any CPU
		{3A9A7CAA-CC2C-48C7-826C-5E7EA351C2E4}.Release|Any CPU.ActiveCfg = Release|Any CPU
		{3A9A7CAA-CC2C-48C7-826C-5E7EA351C2E4}.Release|Any CPU.Build.0 = Release|Any CPU
		{0CBBA974-D1F6-4AA3-8433-190C03C0AFE8}.Debug|Any CPU.ActiveCfg = Debug|Any CPU
		{0CBBA974-D1F6-4AA3-8433-190C03C0AFE8}.Debug|Any CPU.Build.0 = Debug|Any CPU
		{0CBBA974-D1F6-4AA3-8433-190C03C0AFE8}.Release|Any CPU.ActiveCfg = Release|Any CPU
		{0CBBA974-D1F6-4AA3-8433-190C03C0AFE8}.Release|Any CPU.Build.0 = Release|Any CPU
	EndGlobalSection
	GlobalSection(SolutionProperties) = preSolution
		HideSolutionNode = FALSE
	EndGlobalSection
	GlobalSection(ExtensibilityGlobals) = postSolution
		SolutionGuid = {E100A721-157E-4DBB-9D9E-877273553337}
	EndGlobalSection
EndGlobal
